
Microsoft Visual Studio Solution File, Format Version 12.00
# Visual Studio Version 17
VisualStudioVersion = 17.0.32014.148
MinimumVisualStudioVersion = 10.0.40219.1
Project("{9A19103F-16F7-4668-BE54-9A1E7A4F7556}") = "Project.Service", "Project.Service\Project.Service.csproj", "{36D95467-C7CB-455C-B2C9-190E56A94F11}"
EndProject
Project("{FAE04EC0-301F-11D3-BF4B-00C04F79EFBC}") = "Project.Api", "Project.Api\Project.Api.csproj", "{569F34B2-B65A-4E8F-803E-86885CA33368}"
EndProject
Global
	GlobalSection(SolutionConfigurationPlatforms) = preSolution
		Debug|Any CPU = Debug|Any CPU
		Release|Any CPU = Release|Any CPU
	EndGlobalSection
	GlobalSection(ProjectConfigurationPlatforms) = postSolution
		{36D95467-C7CB-455C-B2C9-190E56A94F11}.Debug|Any CPU.ActiveCfg = Debug|Any CPU
		{36D95467-C7CB-455C-B2C9-190E56A94F11}.Debug|Any CPU.Build.0 = Debug|Any CPU
		{36D95467-C7CB-455C-B2C9-190E56A94F11}.Release|Any CPU.ActiveCfg = Release|Any CPU
		{36D95467-C7CB-455C-B2C9-190E56A94F11}.Release|Any CPU.Build.0 = Release|Any CPU
		{569F34B2-B65A-4E8F-803E-86885CA33368}.Debug|Any CPU.ActiveCfg = Debug|Any CPU
		{569F34B2-B65A-4E8F-803E-86885CA33368}.Debug|Any CPU.Build.0 = Debug|Any CPU
		{569F34B2-B65A-4E8F-803E-86885CA33368}.Release|Any CPU.ActiveCfg = Release|Any CPU
		{569F34B2-B65A-4E8F-803E-86885CA33368}.Release|Any CPU.Build.0 = Release|Any CPU
	EndGlobalSection
	GlobalSection(SolutionProperties) = preSolution
		HideSolutionNode = FALSE
	EndGlobalSection
	GlobalSection(ExtensibilityGlobals) = postSolution
		SolutionGuid = {610EE413-8430-44F8-B72E-AE0022967D2E}
	EndGlobalSection
EndGlobal
